
Microsoft Visual Studio Solution File, Format Version 12.00
# Visual Studio Version 16
VisualStudioVersion = 16.0.30413.136
MinimumVisualStudioVersion = 10.0.40219.1
Project("{FAE04EC0-301F-11D3-BF4B-00C04F79EFBC}") = "SQLQuiz", "SQLQuiz.csproj", "{2BDEFB70-09E8-4F72-B3A0-80032E4C7EC7}"
EndProject
Global
	GlobalSection(SolutionConfigurationPlatforms) = preSolution
		Debug|Any CPU = Debug|Any CPU
		Release|Any CPU = Release|Any CPU
	EndGlobalSection
	GlobalSection(ProjectConfigurationPlatforms) = postSolution
		{2BDEFB70-09E8-4F72-B3A0-80032E4C7EC7}.Debug|Any CPU.ActiveCfg = Debug|Any CPU
		{2BDEFB70-09E8-4F72-B3A0-80032E4C7EC7}.Debug|Any CPU.Build.0 = Debug|Any CPU
		{2BDEFB70-09E8-4F72-B3A0-80032E4C7EC7}.Release|Any CPU.ActiveCfg = Release|Any CPU
		{2BDEFB70-09E8-4F72-B3A0-80032E4C7EC7}.Release|Any CPU.Build.0 = Release|Any CPU
	EndGlobalSection
	GlobalSection(SolutionProperties) = preSolution
		HideSolutionNode = FALSE
	EndGlobalSection
	GlobalSection(ExtensibilityGlobals) = postSolution
		SolutionGuid = {2DDD2FBE-1825-4F16-8B26-00CE0FB8B0B1}
	EndGlobalSection
EndGlobal
